
Microsoft Visual Studio Solution File, Format Version 12.00
# Visual Studio 2013
VisualStudioVersion = 12.0.31101.0
MinimumVisualStudioVersion = 10.0.40219.1
Project("{8BC9CEB8-8B4A-11D0-8D11-00A0C91BC942}") = "2d_abstraction", "projects\2d_abstraction.vcxproj", "{2ACAE83F-9E09-4295-943E-320765D3F91C}"
EndProject
Project("{2150E333-8FDC-42A3-9474-1A3956D46DE8}") = "Solution Items", "Solution Items", "{BAD3DECC-0871-45D9-B8B9-7B840E744D57}"
	ProjectSection(SolutionItems) = preProject
		Performance2.psess = Performance2.psess
		Performance3.psess = Performance3.psess
		Performance4.psess = Performance4.psess
	EndProjectSection
EndProject
Global
	GlobalSection(SolutionConfigurationPlatforms) = preSolution
		Debug|Win32 = Debug|Win32
		Debug|x64 = Debug|x64
		Release|Win32 = Release|Win32
		Release|x64 = Release|x64
	EndGlobalSection
	GlobalSection(ProjectConfigurationPlatforms) = postSolution
		{2ACAE83F-9E09-4295-943E-320765D3F91C}.Debug|Win32.ActiveCfg = Debug|Win32
		{2ACAE83F-9E09-4295-943E-320765D3F91C}.Debug|Win32.Build.0 = Debug|Win32
		{2ACAE83F-9E09-4295-943E-320765D3F91C}.Debug|x64.ActiveCfg = Debug|x64
		{2ACAE83F-9E09-4295-943E-320765D3F91C}.Debug|x64.Build.0 = Debug|x64
		{2ACAE83F-9E09-4295-943E-320765D3F91C}.Release|Win32.ActiveCfg = Release|Win32
		{2ACAE83F-9E09-4295-943E-320765D3F91C}.Release|Win32.Build.0 = Release|Win32
		{2ACAE83F-9E09-4295-943E-320765D3F91C}.Release|x64.ActiveCfg = Release|x64
		{2ACAE83F-9E09-4295-943E-320765D3F91C}.Release|x64.Build.0 = Release|x64
	EndGlobalSection
	GlobalSection(SolutionProperties) = preSolution
		HideSolutionNode = FALSE
	EndGlobalSection
	GlobalSection(Performance) = preSolution
		HasPerformanceSessions = true
	EndGlobalSection
EndGlobal
